
Microsoft Visual Studio Solution File, Format Version 12.00
Project("{FAE04EC0-301F-11D3-BF4B-00C04F79EFBC}") = "OOP_Assessment_1", "OOP_Assessment_1\OOP_Assessment_1.csproj", "{A8BBAF13-B21C-4AAF-8B60-EBFA90285592}"
EndProject
Global
	GlobalSection(SolutionConfigurationPlatforms) = preSolution
		Debug|Any CPU = Debug|Any CPU
		Release|Any CPU = Release|Any CPU
	EndGlobalSection
	GlobalSection(ProjectConfigurationPlatforms) = postSolution
		{A8BBAF13-B21C-4AAF-8B60-EBFA90285592}.Debug|Any CPU.ActiveCfg = Debug|Any CPU
		{A8BBAF13-B21C-4AAF-8B60-EBFA90285592}.Debug|Any CPU.Build.0 = Debug|Any CPU
		{A8BBAF13-B21C-4AAF-8B60-EBFA90285592}.Release|Any CPU.ActiveCfg = Release|Any CPU
		{A8BBAF13-B21C-4AAF-8B60-EBFA90285592}.Release|Any CPU.Build.0 = Release|Any CPU
	EndGlobalSection
EndGlobal
